{
  "object": {
    "pins": [
      {
        "package": "CLArgumentsParser",
        "repositoryURL": "git@github.com:castlele/CLArgumentsParser.git",
        "state": {
          "branch": null,
          "revision": "f1eae48205dcd20a3650ef841ab0e20937a05fb4",
          "version": null
        }
      }
    ]
  },
  "version": 1
}
