{
  "object": {
    "pins": [
      {
        "package": "CLArgumentsParser",
        "repositoryURL": "git@github.com:castlele/CLArgumentsParser.git",
        "state": {
          "branch": null,
          "revision": "d1cef29cdda2a150ae4df0ca6a8883dd8ce1ee32",
          "version": null
        }
      }
    ]
  },
  "version": 1
}
