{
  "object": {
    "pins": [
      {
        "package": "CLArgumentsParser",
        "repositoryURL": "https://github.com/castlele/CLArgumentsParser.git",
        "state": {
          "branch": null,
          "revision": "9abcf6c1b6d7ec1b41fbab7ec9db1513719c86ad",
          "version": null
        }
      }
    ]
  },
  "version": 1
}
